
Microsoft Visual Studio Solution File, Format Version 12.00
# Visual Studio Version 17
VisualStudioVersion = 17.6.33801.468
MinimumVisualStudioVersion = 10.0.40219.1
Project("{9A19103F-16F7-4668-BE54-9A1E7A4F7556}") = "Website", "Website\Website.csproj", "{A3C735F4-AA4D-42AB-9FC6-B0E6908B2891}"
EndProject
Project("{9A19103F-16F7-4668-BE54-9A1E7A4F7556}") = "ADCOnline.Utils", "ADCOnline.Utils\ADCOnline.Utils.csproj", "{1DC251FA-EEB6-473E-B9D2-CDF6D4C0337B}"
EndProject
Project("{9A19103F-16F7-4668-BE54-9A1E7A4F7556}") = "ADCOnline.Simple", "ADCOnline.Simple\ADCOnline.Simple.csproj", "{2A550D2B-5DE4-4DFB-82A5-C587AEF05527}"
EndProject
Project("{9A19103F-16F7-4668-BE54-9A1E7A4F7556}") = "ADCOnline.DA.Dapper", "ADCOnline.DA.Dapper\ADCOnline.DA.Dapper.csproj", "{F93E8D0F-7B85-43D7-9F28-E3029E861CA5}"
EndProject
Project("{9A19103F-16F7-4668-BE54-9A1E7A4F7556}") = "ADCOnline.Business", "ADCOnline.Business\ADCOnline.Business.csproj", "{C460A4BA-05B7-4F3F-9A87-8E8C74BEB4A6}"
EndProject
Global
	GlobalSection(SolutionConfigurationPlatforms) = preSolution
		Debug|Any CPU = Debug|Any CPU
		Release|Any CPU = Release|Any CPU
	EndGlobalSection
	GlobalSection(ProjectConfigurationPlatforms) = postSolution
		{A3C735F4-AA4D-42AB-9FC6-B0E6908B2891}.Debug|Any CPU.ActiveCfg = Debug|Any CPU
		{A3C735F4-AA4D-42AB-9FC6-B0E6908B2891}.Debug|Any CPU.Build.0 = Debug|Any CPU
		{A3C735F4-AA4D-42AB-9FC6-B0E6908B2891}.Release|Any CPU.ActiveCfg = Release|Any CPU
		{A3C735F4-AA4D-42AB-9FC6-B0E6908B2891}.Release|Any CPU.Build.0 = Release|Any CPU
		{1DC251FA-EEB6-473E-B9D2-CDF6D4C0337B}.Debug|Any CPU.ActiveCfg = Debug|Any CPU
		{1DC251FA-EEB6-473E-B9D2-CDF6D4C0337B}.Debug|Any CPU.Build.0 = Debug|Any CPU
		{1DC251FA-EEB6-473E-B9D2-CDF6D4C0337B}.Release|Any CPU.ActiveCfg = Release|Any CPU
		{1DC251FA-EEB6-473E-B9D2-CDF6D4C0337B}.Release|Any CPU.Build.0 = Release|Any CPU
		{2A550D2B-5DE4-4DFB-82A5-C587AEF05527}.Debug|Any CPU.ActiveCfg = Debug|Any CPU
		{2A550D2B-5DE4-4DFB-82A5-C587AEF05527}.Debug|Any CPU.Build.0 = Debug|Any CPU
		{2A550D2B-5DE4-4DFB-82A5-C587AEF05527}.Release|Any CPU.ActiveCfg = Release|Any CPU
		{2A550D2B-5DE4-4DFB-82A5-C587AEF05527}.Release|Any CPU.Build.0 = Release|Any CPU
		{F93E8D0F-7B85-43D7-9F28-E3029E861CA5}.Debug|Any CPU.ActiveCfg = Debug|Any CPU
		{F93E8D0F-7B85-43D7-9F28-E3029E861CA5}.Debug|Any CPU.Build.0 = Debug|Any CPU
		{F93E8D0F-7B85-43D7-9F28-E3029E861CA5}.Release|Any CPU.ActiveCfg = Release|Any CPU
		{F93E8D0F-7B85-43D7-9F28-E3029E861CA5}.Release|Any CPU.Build.0 = Release|Any CPU
		{C460A4BA-05B7-4F3F-9A87-8E8C74BEB4A6}.Debug|Any CPU.ActiveCfg = Debug|Any CPU
		{C460A4BA-05B7-4F3F-9A87-8E8C74BEB4A6}.Debug|Any CPU.Build.0 = Debug|Any CPU
		{C460A4BA-05B7-4F3F-9A87-8E8C74BEB4A6}.Release|Any CPU.ActiveCfg = Release|Any CPU
		{C460A4BA-05B7-4F3F-9A87-8E8C74BEB4A6}.Release|Any CPU.Build.0 = Release|Any CPU
	EndGlobalSection
	GlobalSection(SolutionProperties) = preSolution
		HideSolutionNode = FALSE
	EndGlobalSection
	GlobalSection(ExtensibilityGlobals) = postSolution
		SolutionGuid = {72B15274-E9DA-422B-A726-CD8DF54E77F4}
	EndGlobalSection
EndGlobal
